// !$*UTF8*$!
{
	archiveVersion = 1;
	classes = {
	};
	objectVersion = 55;
	objects = {

/* Begin PBXBuildFile section */
		EECB70A82830F829002A0DCD /* AppDelegate.swift in Sources */ = {isa = PBXBuildFile; fileRef = EECB70A72830F829002A0DCD /* AppDelegate.swift */; };
		EECB70AA2830F829002A0DCD /* SceneDelegate.swift in Sources */ = {isa = PBXBuildFile; fileRef = EECB70A92830F829002A0DCD /* SceneDelegate.swift */; };
		EECB70AC2830F829002A0DCD /* ViewController.swift in Sources */ = {isa = PBXBuildFile; fileRef = EECB70AB2830F829002A0DCD /* ViewController.swift */; };
		EECB70AF2830F82A002A0DCD /* Main.storyboard in Resources */ = {isa = PBXBuildFile; fileRef = EECB70AD2830F82A002A0DCD /* Main.storyboard */; };
		EECB70B12830F82B002A0DCD /* Assets.xcassets in Resources */ = {isa = PBXBuildFile; fileRef = EECB70B02830F82B002A0DCD /* Assets.xcassets */; };
		EECB70B42830F82B002A0DCD /* LaunchScreen.storyboard in Resources */ = {isa = PBXBuildFile; fileRef = EECB70B22830F82B002A0DCD /* LaunchScreen.storyboard */; };
		EECB70BF2830F82B002A0DCD /* GitHubUserTests.swift in Sources */ = {isa = PBXBuildFile; fileRef = EECB70BE2830F82B002A0DCD /* GitHubUserTests.swift */; };
		EECB70C92830F82B002A0DCD /* GitHubUserUITests.swift in Sources */ = {isa = PBXBuildFile; fileRef = EECB70C82830F82B002A0DCD /* GitHubUserUITests.swift */; };
		EECB70CB2830F82B002A0DCD /* GitHubUserUITestsLaunchTests.swift in Sources */ = {isa = PBXBuildFile; fileRef = EECB70CA2830F82B002A0DCD /* GitHubUserUITestsLaunchTests.swift */; };
/* End PBXBuildFile section */

/* Begin PBXContainerItemProxy section */
		EECB70BB2830F82B002A0DCD /* PBXContainerItemProxy */ = {
			isa = PBXContainerItemProxy;
			containerPortal = EECB709C2830F829002A0DCD /* Project object */;
			proxyType = 1;
			remoteGlobalIDString = EECB70A32830F829002A0DCD;
			remoteInfo = GitHubUser;
		};
		EECB70C52830F82B002A0DCD /* PBXContainerItemProxy */ = {
			isa = PBXContainerItemProxy;
			containerPortal = EECB709C2830F829002A0DCD /* Project object */;
			proxyType = 1;
			remoteGlobalIDString = EECB70A32830F829002A0DCD;
			remoteInfo = GitHubUser;
		};
/* End PBXContainerItemProxy section */

/* Begin PBXFileReference section */
		EECB70A42830F829002A0DCD /* GitHubUser.app */ = {isa = PBXFileReference; explicitFileType = wrapper.application; includeInIndex = 0; path = GitHubUser.app; sourceTree = BUILT_PRODUCTS_DIR; };
		EECB70A72830F829002A0DCD /* AppDelegate.swift */ = {isa = PBXFileReference; lastKnownFileType = sourcecode.swift; path = AppDelegate.swift; sourceTree = "<group>"; };
		EECB70A92830F829002A0DCD /* SceneDelegate.swift */ = {isa = PBXFileReference; lastKnownFileType = sourcecode.swift; path = SceneDelegate.swift; sourceTree = "<group>"; };
		EECB70AB2830F829002A0DCD /* ViewController.swift */ = {isa = PBXFileReference; lastKnownFileType = sourcecode.swift; path = ViewController.swift; sourceTree = "<group>"; };
		EECB70AE2830F82A002A0DCD /* Base */ = {isa = PBXFileReference; lastKnownFileType = file.storyboard; name = Base; path = Base.lproj/Main.storyboard; sourceTree = "<group>"; };
		EECB70B02830F82B002A0DCD /* Assets.xcassets */ = {isa = PBXFileReference; lastKnownFileType = folder.assetcatalog; path = Assets.xcassets; sourceTree = "<group>"; };
		EECB70B32830F82B002A0DCD /* Base */ = {isa = PBXFileReference; lastKnownFileType = file.storyboard; name = Base; path = Base.lproj/LaunchScreen.storyboard; sourceTree = "<group>"; };
		EECB70B52830F82B002A0DCD /* Info.plist */ = {isa = PBXFileReference; lastKnownFileType = text.plist.xml; path = Info.plist; sourceTree = "<group>"; };
		EECB70BA2830F82B002A0DCD /* GitHubUserTests.xctest */ = {isa = PBXFileReference; explicitFileType = wrapper.cfbundle; includeInIndex = 0; path = GitHubUserTests.xctest; sourceTree = BUILT_PRODUCTS_DIR; };
		EECB70BE2830F82B002A0DCD /* GitHubUserTests.swift */ = {isa = PBXFileReference; lastKnownFileType = sourcecode.swift; path = GitHubUserTests.swift; sourceTree = "<group>"; };
		EECB70C42830F82B002A0DCD /* GitHubUserUITests.xctest */ = {isa = PBXFileReference; explicitFileType = wrapper.cfbundle; includeInIndex = 0; path = GitHubUserUITests.xctest; sourceTree = BUILT_PRODUCTS_DIR; };
		EECB70C82830F82B002A0DCD /* GitHubUserUITests.swift */ = {isa = PBXFileReference; lastKnownFileType = sourcecode.swift; path = GitHubUserUITests.swift; sourceTree = "<group>"; };
		EECB70CA2830F82B002A0DCD /* GitHubUserUITestsLaunchTests.swift */ = {isa = PBXFileReference; lastKnownFileType = sourcecode.swift; path = GitHubUserUITestsLaunchTests.swift; sourceTree = "<group>"; };
/* End PBXFileReference section */

/* Begin PBXFrameworksBuildPhase section */
		EECB70A12830F829002A0DCD /* Frameworks */ = {
			isa = PBXFrameworksBuildPhase;
			buildActionMask = 2147483647;
			files = (
			);
			runOnlyForDeploymentPostprocessing = 0;
		};
		EECB70B72830F82B002A0DCD /* Frameworks */ = {
			isa = PBXFrameworksBuildPhase;
			buildActionMask = 2147483647;
			files = (
			);
			runOnlyForDeploymentPostprocessing = 0;
		};
		EECB70C12830F82B002A0DCD /* Frameworks */ = {
			isa = PBXFrameworksBuildPhase;
			buildActionMask = 2147483647;
			files = (
			);
			runOnlyForDeploymentPostprocessing = 0;
		};
/* End PBXFrameworksBuildPhase section */

/* Begin PBXGroup section */
		EECB709B2830F829002A0DCD = {
			isa = PBXGroup;
			children = (
				EECB70A62830F829002A0DCD /* GitHubUser */,
				EECB70BD2830F82B002A0DCD /* GitHubUserTests */,
				EECB70C72830F82B002A0DCD /* GitHubUserUITests */,
				EECB70A52830F829002A0DCD /* Products */,
			);
			sourceTree = "<group>";
		};
		EECB70A52830F829002A0DCD /* Products */ = {
			isa = PBXGroup;
			children = (
				EECB70A42830F829002A0DCD /* GitHubUser.app */,
				EECB70BA2830F82B002A0DCD /* GitHubUserTests.xctest */,
				EECB70C42830F82B002A0DCD /* GitHubUserUITests.xctest */,
			);
			name = Products;
			sourceTree = "<group>";
		};
		EECB70A62830F829002A0DCD /* GitHubUser */ = {
			isa = PBXGroup;
			children = (
				EECB70A72830F829002A0DCD /* AppDelegate.swift */,
				EECB70A92830F829002A0DCD /* SceneDelegate.swift */,
				EECB70AB2830F829002A0DCD /* ViewController.swift */,
				EECB70AD2830F82A002A0DCD /* Main.storyboard */,
				EECB70B02830F82B002A0DCD /* Assets.xcassets */,
				EECB70B22830F82B002A0DCD /* LaunchScreen.storyboard */,
				EECB70B52830F82B002A0DCD /* Info.plist */,
			);
			path = GitHubUser;
			sourceTree = "<group>";
		};
		EECB70BD2830F82B002A0DCD /* GitHubUserTests */ = {
			isa = PBXGroup;
			children = (
				EECB70BE2830F82B002A0DCD /* GitHubUserTests.swift */,
			);
			path = GitHubUserTests;
			sourceTree = "<group>";
		};
		EECB70C72830F82B002A0DCD /* GitHubUserUITests */ = {
			isa = PBXGroup;
			children = (
				EECB70C82830F82B002A0DCD /* GitHubUserUITests.swift */,
				EECB70CA2830F82B002A0DCD /* GitHubUserUITestsLaunchTests.swift */,
			);
			path = GitHubUserUITests;
			sourceTree = "<group>";
		};
/* End PBXGroup section */

/* Begin PBXNativeTarget section */
		EECB70A32830F829002A0DCD /* GitHubUser */ = {
			isa = PBXNativeTarget;
			buildConfigurationList = EECB70CE2830F82B002A0DCD /* Build configuration list for PBXNativeTarget "GitHubUser" */;
			buildPhases = (
				EECB70A02830F829002A0DCD /* Sources */,
				EECB70A12830F829002A0DCD /* Frameworks */,
				EECB70A22830F829002A0DCD /* Resources */,
			);
			buildRules = (
			);
			dependencies = (
			);
			name = GitHubUser;
			productName = GitHubUser;
			productReference = EECB70A42830F829002A0DCD /* GitHubUser.app */;
			productType = "com.apple.product-type.application";
		};
		EECB70B92830F82B002A0DCD /* GitHubUserTests */ = {
			isa = PBXNativeTarget;
			buildConfigurationList = EECB70D12830F82B002A0DCD /* Build configuration list for PBXNativeTarget "GitHubUserTests" */;
			buildPhases = (
				EECB70B62830F82B002A0DCD /* Sources */,
				EECB70B72830F82B002A0DCD /* Frameworks */,
				EECB70B82830F82B002A0DCD /* Resources */,
			);
			buildRules = (
			);
			dependencies = (
				EECB70BC2830F82B002A0DCD /* PBXTargetDependency */,
			);
			name = GitHubUserTests;
			productName = GitHubUserTests;
			productReference = EECB70BA2830F82B002A0DCD /* GitHubUserTests.xctest */;
			productType = "com.apple.product-type.bundle.unit-test";
		};
		EECB70C32830F82B002A0DCD /* GitHubUserUITests */ = {
			isa = PBXNativeTarget;
			buildConfigurationList = EECB70D42830F82B002A0DCD /* Build configuration list for PBXNativeTarget "GitHubUserUITests" */;
			buildPhases = (
				EECB70C02830F82B002A0DCD /* Sources */,
				EECB70C12830F82B002A0DCD /* Frameworks */,
				EECB70C22830F82B002A0DCD /* Resources */,
			);
			buildRules = (
			);
			dependencies = (
				EECB70C62830F82B002A0DCD /* PBXTargetDependency */,
			);
			name = GitHubUserUITests;
			productName = GitHubUserUITests;
			productReference = EECB70C42830F82B002A0DCD /* GitHubUserUITests.xctest */;
			productType = "com.apple.product-type.bundle.ui-testing";
		};
/* End PBXNativeTarget section */

/* Begin PBXProject section */
		EECB709C2830F829002A0DCD /* Project object */ = {
			isa = PBXProject;
			attributes = {
				BuildIndependentTargetsInParallel = 1;
				LastSwiftUpdateCheck = 1330;
				LastUpgradeCheck = 1330;
				TargetAttributes = {
					EECB70A32830F829002A0DCD = {
						CreatedOnToolsVersion = 13.3.1;
					};
					EECB70B92830F82B002A0DCD = {
						CreatedOnToolsVersion = 13.3.1;
						TestTargetID = EECB70A32830F829002A0DCD;
					};
					EECB70C32830F82B002A0DCD = {
						CreatedOnToolsVersion = 13.3.1;
						TestTargetID = EECB70A32830F829002A0DCD;
					};
				};
			};
			buildConfigurationList = EECB709F2830F829002A0DCD /* Build configuration list for PBXProject "GitHubUser" */;
			compatibilityVersion = "Xcode 13.0";
			developmentRegion = en;
			hasScannedForEncodings = 0;
			knownRegions = (
				en,
				Base,
			);
			mainGroup = EECB709B2830F829002A0DCD;
			productRefGroup = EECB70A52830F829002A0DCD /* Products */;
			projectDirPath = "";
			projectRoot = "";
			targets = (
				EECB70A32830F829002A0DCD /* GitHubUser */,
				EECB70B92830F82B002A0DCD /* GitHubUserTests */,
				EECB70C32830F82B002A0DCD /* GitHubUserUITests */,
			);
		};
/* End PBXProject section */

/* Begin PBXResourcesBuildPhase section */
		EECB70A22830F829002A0DCD /* Resources */ = {
			isa = PBXResourcesBuildPhase;
			buildActionMask = 2147483647;
			files = (
				EECB70B42830F82B002A0DCD /* LaunchScreen.storyboard in Resources */,
				EECB70B12830F82B002A0DCD /* Assets.xcassets in Resources */,
				EECB70AF2830F82A002A0DCD /* Main.storyboard in Resources */,
			);
			runOnlyForDeploymentPostprocessing = 0;
		};
		EECB70B82830F82B002A0DCD /* Resources */ = {
			isa = PBXResourcesBuildPhase;
			buildActionMask = 2147483647;
			files = (
			);
			runOnlyForDeploymentPostprocessing = 0;
		};
		EECB70C22830F82B002A0DCD /* Resources */ = {
			isa = PBXResourcesBuildPhase;
			buildActionMask = 2147483647;
			files = (
			);
			runOnlyForDeploymentPostprocessing = 0;
		};
/* End PBXResourcesBuildPhase section */

/* Begin PBXSourcesBuildPhase section */
		EECB70A02830F829002A0DCD /* Sources */ = {
			isa = PBXSourcesBuildPhase;
			buildActionMask = 2147483647;
			files = (
				EECB70AC2830F829002A0DCD /* ViewController.swift in Sources */,
				EECB70A82830F829002A0DCD /* AppDelegate.swift in Sources */,
				EECB70AA2830F829002A0DCD /* SceneDelegate.swift in Sources */,
			);
			runOnlyForDeploymentPostprocessing = 0;
		};
		EECB70B62830F82B002A0DCD /* Sources */ = {
			isa = PBXSourcesBuildPhase;
			buildActionMask = 2147483647;
			files = (
				EECB70BF2830F82B002A0DCD /* GitHubUserTests.swift in Sources */,
			);
			runOnlyForDeploymentPostprocessing = 0;
		};
		EECB70C02830F82B002A0DCD /* Sources */ = {
			isa = PBXSourcesBuildPhase;
			buildActionMask = 2147483647;
			files = (
				EECB70CB2830F82B002A0DCD /* GitHubUserUITestsLaunchTests.swift in Sources */,
				EECB70C92830F82B002A0DCD /* GitHubUserUITests.swift in Sources */,
			);
			runOnlyForDeploymentPostprocessing = 0;
		};
/* End PBXSourcesBuildPhase section */

/* Begin PBXTargetDependency section */
		EECB70BC2830F82B002A0DCD /* PBXTargetDependency */ = {
			isa = PBXTargetDependency;
			target = EECB70A32830F829002A0DCD /* GitHubUser */;
			targetProxy = EECB70BB2830F82B002A0DCD /* PBXContainerItemProxy */;
		};
		EECB70C62830F82B002A0DCD /* PBXTargetDependency */ = {
			isa = PBXTargetDependency;
			target = EECB70A32830F829002A0DCD /* GitHubUser */;
			targetProxy = EECB70C52830F82B002A0DCD /* PBXContainerItemProxy */;
		};
/* End PBXTargetDependency section */

/* Begin PBXVariantGroup section */
		EECB70AD2830F82A002A0DCD /* Main.storyboard */ = {
			isa = PBXVariantGroup;
			children = (
				EECB70AE2830F82A002A0DCD /* Base */,
			);
			name = Main.storyboard;
			sourceTree = "<group>";
		};
		EECB70B22830F82B002A0DCD /* LaunchScreen.storyboard */ = {
			isa = PBXVariantGroup;
			children = (
				EECB70B32830F82B002A0DCD /* Base */,
			);
			name = LaunchScreen.storyboard;
			sourceTree = "<group>";
		};
/* End PBXVariantGroup section */

/* Begin XCBuildConfiguration section */
		EECB70CC2830F82B002A0DCD /* Debug */ = {
			isa = XCBuildConfiguration;
			buildSettings = {
				ALWAYS_SEARCH_USER_PATHS = NO;
				CLANG_ANALYZER_NONNULL = YES;
				CLANG_ANALYZER_NUMBER_OBJECT_CONVERSION = YES_AGGRESSIVE;
				CLANG_CXX_LANGUAGE_STANDARD = "gnu++17";
				CLANG_ENABLE_MODULES = YES;
				CLANG_ENABLE_OBJC_ARC = YES;
				CLANG_ENABLE_OBJC_WEAK = YES;
				CLANG_WARN_BLOCK_CAPTURE_AUTORELEASING = YES;
				CLANG_WARN_BOOL_CONVERSION = YES;
				CLANG_WARN_COMMA = YES;
				CLANG_WARN_CONSTANT_CONVERSION = YES;
				CLANG_WARN_DEPRECATED_OBJC_IMPLEMENTATIONS = YES;
				CLANG_WARN_DIRECT_OBJC_ISA_USAGE = YES_ERROR;
				CLANG_WARN_DOCUMENTATION_COMMENTS = YES;
				CLANG_WARN_EMPTY_BODY = YES;
				CLANG_WARN_ENUM_CONVERSION = YES;
				CLANG_WARN_INFINITE_RECURSION = YES;
				CLANG_WARN_INT_CONVERSION = YES;
				CLANG_WARN_NON_LITERAL_NULL_CONVERSION = YES;
				CLANG_WARN_OBJC_IMPLICIT_RETAIN_SELF = YES;
				CLANG_WARN_OBJC_LITERAL_CONVERSION = YES;
				CLANG_WARN_OBJC_ROOT_CLASS = YES_ERROR;
				CLANG_WARN_QUOTED_INCLUDE_IN_FRAMEWORK_HEADER = YES;
				CLANG_WARN_RANGE_LOOP_ANALYSIS = YES;
				CLANG_WARN_STRICT_PROTOTYPES = YES;
				CLANG_WARN_SUSPICIOUS_MOVE = YES;
				CLANG_WARN_UNGUARDED_AVAILABILITY = YES_AGGRESSIVE;
				CLANG_WARN_UNREACHABLE_CODE = YES;
				CLANG_WARN__DUPLICATE_METHOD_MATCH = YES;
				COPY_PHASE_STRIP = NO;
				DEBUG_INFORMATION_FORMAT = dwarf;
				ENABLE_STRICT_OBJC_MSGSEND = YES;
				ENABLE_TESTABILITY = YES;
				GCC_C_LANGUAGE_STANDARD = gnu11;
				GCC_DYNAMIC_NO_PIC = NO;
				GCC_NO_COMMON_BLOCKS = YES;
				GCC_OPTIMIZATION_LEVEL = 0;
				GCC_PREPROCESSOR_DEFINITIONS = (
					"DEBUG=1",
					"$(inherited)",
				);
				GCC_WARN_64_TO_32_BIT_CONVERSION = YES;
				GCC_WARN_ABOUT_RETURN_TYPE = YES_ERROR;
				GCC_WARN_UNDECLARED_SELECTOR = YES;
				GCC_WARN_UNINITIALIZED_AUTOS = YES_AGGRESSIVE;
				GCC_WARN_UNUSED_FUNCTION = YES;
				GCC_WARN_UNUSED_VARIABLE = YES;
				IPHONEOS_DEPLOYMENT_TARGET = 15.4;
				MTL_ENABLE_DEBUG_INFO = INCLUDE_SOURCE;
				MTL_FAST_MATH = YES;
				ONLY_ACTIVE_ARCH = YES;
				SDKROOT = iphoneos;
				SWIFT_ACTIVE_COMPILATION_CONDITIONS = DEBUG;
				SWIFT_OPTIMIZATION_LEVEL = "-Onone";
			};
			name = Debug;
		};
		EECB70CD2830F82B002A0DCD /* Release */ = {
			isa = XCBuildConfiguration;
			buildSettings = {
				ALWAYS_SEARCH_USER_PATHS = NO;
				CLANG_ANALYZER_NONNULL = YES;
				CLANG_ANALYZER_NUMBER_OBJECT_CONVERSION = YES_AGGRESSIVE;
				CLANG_CXX_LANGUAGE_STANDARD = "gnu++17";
				CLANG_ENABLE_MODULES = YES;
				CLANG_ENABLE_OBJC_ARC = YES;
				CLANG_ENABLE_OBJC_WEAK = YES;
				CLANG_WARN_BLOCK_CAPTURE_AUTORELEASING = YES;
				CLANG_WARN_BOOL_CONVERSION = YES;
				CLANG_WARN_COMMA = YES;
				CLANG_WARN_CONSTANT_CONVERSION = YES;
				CLANG_WARN_DEPRECATED_OBJC_IMPLEMENTATIONS = YES;
				CLANG_WARN_DIRECT_OBJC_ISA_USAGE = YES_ERROR;
				CLANG_WARN_DOCUMENTATION_COMMENTS = YES;
				CLANG_WARN_EMPTY_BODY = YES;
				CLANG_WARN_ENUM_CONVERSION = YES;
				CLANG_WARN_INFINITE_RECURSION = YES;
				CLANG_WARN_INT_CONVERSION = YES;
				CLANG_WARN_NON_LITERAL_NULL_CONVERSION = YES;
				CLANG_WARN_OBJC_IMPLICIT_RETAIN_SELF = YES;
				CLANG_WARN_OBJC_LITERAL_CONVERSION = YES;
				CLANG_WARN_OBJC_ROOT_CLASS = YES_ERROR;
				CLANG_WARN_QUOTED_INCLUDE_IN_FRAMEWORK_HEADER = YES;
				CLANG_WARN_RANGE_LOOP_ANALYSIS = YES;
				CLANG_WARN_STRICT_PROTOTYPES = YES;
				CLANG_WARN_SUSPICIOUS_MOVE = YES;
				CLANG_WARN_UNGUARDED_AVAILABILITY = YES_AGGRESSIVE;
				CLANG_WARN_UNREACHABLE_CODE = YES;
				CLANG_WARN__DUPLICATE_METHOD_MATCH = YES;
				COPY_PHASE_STRIP = NO;
				DEBUG_INFORMATION_FORMAT = "dwarf-with-dsym";
				ENABLE_NS_ASSERTIONS = NO;
				ENABLE_STRICT_OBJC_MSGSEND = YES;
				GCC_C_LANGUAGE_STANDARD = gnu11;
				GCC_NO_COMMON_BLOCKS = YES;
				GCC_WARN_64_TO_32_BIT_CONVERSION = YES;
				GCC_WARN_ABOUT_RETURN_TYPE = YES_ERROR;
				GCC_WARN_UNDECLARED_SELECTOR = YES;
				GCC_WARN_UNINITIALIZED_AUTOS = YES_AGGRESSIVE;
				GCC_WARN_UNUSED_FUNCTION = YES;
				GCC_WARN_UNUSED_VARIABLE = YES;
				IPHONEOS_DEPLOYMENT_TARGET = 15.4;
				MTL_ENABLE_DEBUG_INFO = NO;
				MTL_FAST_MATH = YES;
				SDKROOT = iphoneos;
				SWIFT_COMPILATION_MODE = wholemodule;
				SWIFT_OPTIMIZATION_LEVEL = "-O";
				VALIDATE_PRODUCT = YES;
			};
			name = Release;
		};
		EECB70CF2830F82B002A0DCD /* Debug */ = {
			isa = XCBuildConfiguration;
			buildSettings = {
				ASSETCATALOG_COMPILER_APPICON_NAME = AppIcon;
				ASSETCATALOG_COMPILER_GLOBAL_ACCENT_COLOR_NAME = AccentColor;
				CODE_SIGN_STYLE = Automatic;
				CURRENT_PROJECT_VERSION = 1;
				DEVELOPMENT_TEAM = X5E66Q9HX8;
				GENERATE_INFOPLIST_FILE = YES;
				INFOPLIST_FILE = GitHubUser/Info.plist;
				INFOPLIST_KEY_UIApplicationSupportsIndirectInputEvents = YES;
				INFOPLIST_KEY_UILaunchStoryboardName = LaunchScreen;
				INFOPLIST_KEY_UIMainStoryboardFile = Main;
				INFOPLIST_KEY_UISupportedInterfaceOrientations_iPad = "UIInterfaceOrientationPortrait UIInterfaceOrientationPortraitUpsideDown UIInterfaceOrientationLandscapeLeft UIInterfaceOrientationLandscapeRight";
				INFOPLIST_KEY_UISupportedInterfaceOrientations_iPhone = "UIInterfaceOrientationPortrait UIInterfaceOrientationLandscapeLeft UIInterfaceOrientationLandscapeRight";
				LD_RUNPATH_SEARCH_PATHS = (
					"$(inherited)",
					"@executable_path/Frameworks",
				);
				MARKETING_VERSION = 1.0;
				PRODUCT_BUNDLE_IDENTIFIER = com.something.GitHubUser;
				PRODUCT_NAME = "$(TARGET_NAME)";
				SWIFT_EMIT_LOC_STRINGS = YES;
				SWIFT_VERSION = 5.0;
				TARGETED_DEVICE_FAMILY = "1,2";
			};
			name = Debug;
		};
		EECB70D02830F82B002A0DCD /* Release */ = {
			isa = XCBuildConfiguration;
			buildSettings = {
				ASSETCATALOG_COMPILER_APPICON_NAME = AppIcon;
				ASSETCATALOG_COMPILER_GLOBAL_ACCENT_COLOR_NAME = AccentColor;
				CODE_SIGN_STYLE = Automatic;
				CURRENT_PROJECT_VERSION = 1;
				DEVELOPMENT_TEAM = X5E66Q9HX8;
				GENERATE_INFOPLIST_FILE = YES;
				INFOPLIST_FILE = GitHubUser/Info.plist;
				INFOPLIST_KEY_UIApplicationSupportsIndirectInputEvents = YES;
				INFOPLIST_KEY_UILaunchStoryboardName = LaunchScreen;
				INFOPLIST_KEY_UIMainStoryboardFile = Main;
				INFOPLIST_KEY_UISupportedInterfaceOrientations_iPad = "UIInterfaceOrientationPortrait UIInterfaceOrientationPortraitUpsideDown UIInterfaceOrientationLandscapeLeft UIInterfaceOrientationLandscapeRight";
				INFOPLIST_KEY_UISupportedInterfaceOrientations_iPhone = "UIInterfaceOrientationPortrait UIInterfaceOrientationLandscapeLeft UIInterfaceOrientationLandscapeRight";
				LD_RUNPATH_SEARCH_PATHS = (
					"$(inherited)",
					"@executable_path/Frameworks",
				);
				MARKETING_VERSION = 1.0;
				PRODUCT_BUNDLE_IDENTIFIER = com.something.GitHubUser;
				PRODUCT_NAME = "$(TARGET_NAME)";
				SWIFT_EMIT_LOC_STRINGS = YES;
				SWIFT_VERSION = 5.0;
				TARGETED_DEVICE_FAMILY = "1,2";
			};
			name = Release;
		};
		EECB70D22830F82B002A0DCD /* Debug */ = {
			isa = XCBuildConfiguration;
			buildSettings = {
				ALWAYS_EMBED_SWIFT_STANDARD_LIBRARIES = YES;
				BUNDLE_LOADER = "$(TEST_HOST)";
				CODE_SIGN_STYLE = Automatic;
				CURRENT_PROJECT_VERSION = 1;
				DEVELOPMENT_TEAM = X5E66Q9HX8;
				GENERATE_INFOPLIST_FILE = YES;
				IPHONEOS_DEPLOYMENT_TARGET = 15.4;
				MARKETING_VERSION = 1.0;
				PRODUCT_BUNDLE_IDENTIFIER = com.something.GitHubUserTests;
				PRODUCT_NAME = "$(TARGET_NAME)";
				SWIFT_EMIT_LOC_STRINGS = NO;
				SWIFT_VERSION = 5.0;
				TARGETED_DEVICE_FAMILY = "1,2";
				TEST_HOST = "$(BUILT_PRODUCTS_DIR)/GitHubUser.app/GitHubUser";
			};
			name = Debug;
		};
		EECB70D32830F82B002A0DCD /* Release */ = {
			isa = XCBuildConfiguration;
			buildSettings = {
				ALWAYS_EMBED_SWIFT_STANDARD_LIBRARIES = YES;
				BUNDLE_LOADER = "$(TEST_HOST)";
				CODE_SIGN_STYLE = Automatic;
				CURRENT_PROJECT_VERSION = 1;
				DEVELOPMENT_TEAM = X5E66Q9HX8;
				GENERATE_INFOPLIST_FILE = YES;
				IPHONEOS_DEPLOYMENT_TARGET = 15.4;
				MARKETING_VERSION = 1.0;
				PRODUCT_BUNDLE_IDENTIFIER = com.something.GitHubUserTests;
				PRODUCT_NAME = "$(TARGET_NAME)";
				SWIFT_EMIT_LOC_STRINGS = NO;
				SWIFT_VERSION = 5.0;
				TARGETED_DEVICE_FAMILY = "1,2";
				TEST_HOST = "$(BUILT_PRODUCTS_DIR)/GitHubUser.app/GitHubUser";
			};
			name = Release;
		};
		EECB70D52830F82B002A0DCD /* Debug */ = {
			isa = XCBuildConfiguration;
			buildSettings = {
				ALWAYS_EMBED_SWIFT_STANDARD_LIBRARIES = YES;
				CODE_SIGN_STYLE = Automatic;
				CURRENT_PROJECT_VERSION = 1;
				DEVELOPMENT_TEAM = X5E66Q9HX8;
				GENERATE_INFOPLIST_FILE = YES;
				MARKETING_VERSION = 1.0;
				PRODUCT_BUNDLE_IDENTIFIER = com.something.GitHubUserUITests;
				PRODUCT_NAME = "$(TARGET_NAME)";
				SWIFT_EMIT_LOC_STRINGS = NO;
				SWIFT_VERSION = 5.0;
				TARGETED_DEVICE_FAMILY = "1,2";
				TEST_TARGET_NAME = GitHubUser;
			};
			name = Debug;
		};
		EECB70D62830F82B002A0DCD /* Release */ = {
			isa = XCBuildConfiguration;
			buildSettings = {
				ALWAYS_EMBED_SWIFT_STANDARD_LIBRARIES = YES;
				CODE_SIGN_STYLE = Automatic;
				CURRENT_PROJECT_VERSION = 1;
				DEVELOPMENT_TEAM = X5E66Q9HX8;
				GENERATE_INFOPLIST_FILE = YES;
				MARKETING_VERSION = 1.0;
				PRODUCT_BUNDLE_IDENTIFIER = com.something.GitHubUserUITests;
				PRODUCT_NAME = "$(TARGET_NAME)";
				SWIFT_EMIT_LOC_STRINGS = NO;
				SWIFT_VERSION = 5.0;
				TARGETED_DEVICE_FAMILY = "1,2";
				TEST_TARGET_NAME = GitHubUser;
			};
			name = Release;
		};
/* End XCBuildConfiguration section */

/* Begin XCConfigurationList section */
		EECB709F2830F829002A0DCD /* Build configuration list for PBXProject "GitHubUser" */ = {
			isa = XCConfigurationList;
			buildConfigurations = (
				EECB70CC2830F82B002A0DCD /* Debug */,
				EECB70CD2830F82B002A0DCD /* Release */,
			);
			defaultConfigurationIsVisible = 0;
			defaultConfigurationName = Release;
		};
		EECB70CE2830F82B002A0DCD /* Build configuration list for PBXNativeTarget "GitHubUser" */ = {
			isa = XCConfigurationList;
			buildConfigurations = (
				EECB70CF2830F82B002A0DCD /* Debug */,
				EECB70D02830F82B002A0DCD /* Release */,
			);
			defaultConfigurationIsVisible = 0;
			defaultConfigurationName = Release;
		};
		EECB70D12830F82B002A0DCD /* Build configuration list for PBXNativeTarget "GitHubUserTests" */ = {
			isa = XCConfigurationList;
			buildConfigurations = (
				EECB70D22830F82B002A0DCD /* Debug */,
				EECB70D32830F82B002A0DCD /* Release */,
			);
			defaultConfigurationIsVisible = 0;
			defaultConfigurationName = Release;
		};
		EECB70D42830F82B002A0DCD /* Build configuration list for PBXNativeTarget "GitHubUserUITests" */ = {
			isa = XCConfigurationList;
			buildConfigurations = (
				EECB70D52830F82B002A0DCD /* Debug */,
				EECB70D62830F82B002A0DCD /* Release */,
			);
			defaultConfigurationIsVisible = 0;
			defaultConfigurationName = Release;
		};
/* End XCConfigurationList section */
	};
	rootObject = EECB709C2830F829002A0DCD /* Project object */;
}
