// !$*UTF8*$!
{
	archiveVersion = 1;
	classes = {
	};
	objectVersion = 55;
	objects = {

/* Begin PBXBuildFile section */
		EE3CF9B628324160000C8A56 /* SwiftMessages in Frameworks */ = {isa = PBXBuildFile; productRef = EE3CF9B528324160000C8A56 /* SwiftMessages */; };
		EE3CF9B828324189000C8A56 /* NotificationsHelper.swift in Sources */ = {isa = PBXBuildFile; fileRef = EE3CF9B728324189000C8A56 /* NotificationsHelper.swift */; };
		EE3CF9BA2832572D000C8A56 /* SearchCoordinator.swift in Sources */ = {isa = PBXBuildFile; fileRef = EE3CF9B92832572D000C8A56 /* SearchCoordinator.swift */; };
		EE3CF9BC2832573C000C8A56 /* AppCoordinator.swift in Sources */ = {isa = PBXBuildFile; fileRef = EE3CF9BB2832573C000C8A56 /* AppCoordinator.swift */; };
		EE3CF9BF28325785000C8A56 /* Coordinator.swift in Sources */ = {isa = PBXBuildFile; fileRef = EE3CF9BE28325785000C8A56 /* Coordinator.swift */; };
		EE3CF9C228326261000C8A56 /* FollowViewController.swift in Sources */ = {isa = PBXBuildFile; fileRef = EE3CF9C128326261000C8A56 /* FollowViewController.swift */; };
		EE3CF9C428326291000C8A56 /* FollowCoordinator.swift in Sources */ = {isa = PBXBuildFile; fileRef = EE3CF9C328326291000C8A56 /* FollowCoordinator.swift */; };
		EE3CF9CE28328315000C8A56 /* Logger.swift in Sources */ = {isa = PBXBuildFile; fileRef = EE3CF9CD28328315000C8A56 /* Logger.swift */; };
		EE3CF9D12832847A000C8A56 /* Logging in Frameworks */ = {isa = PBXBuildFile; productRef = EE3CF9D02832847A000C8A56 /* Logging */; };
		EE3CF9D3283290C1000C8A56 /* RoundedImageView.swift in Sources */ = {isa = PBXBuildFile; fileRef = EE3CF9D2283290C1000C8A56 /* RoundedImageView.swift */; };
		EE3CF9D82832C558000C8A56 /* Theme.swift in Sources */ = {isa = PBXBuildFile; fileRef = EE3CF9D72832C558000C8A56 /* Theme.swift */; };
		EE81E13E2833C9B9007D8A12 /* MockGitHubService.swift in Sources */ = {isa = PBXBuildFile; fileRef = EE81E13D2833C9B9007D8A12 /* MockGitHubService.swift */; };
		EE81E14A2833D8F8007D8A12 /* Bundle+Extension.swift in Sources */ = {isa = PBXBuildFile; fileRef = EE81E1492833D8F8007D8A12 /* Bundle+Extension.swift */; };
		EE864BD22833DD3F00AE6011 /* RxBlocking in Frameworks */ = {isa = PBXBuildFile; productRef = EE864BD12833DD3F00AE6011 /* RxBlocking */; };
		EE864BD42833DD3F00AE6011 /* RxCocoa in Frameworks */ = {isa = PBXBuildFile; productRef = EE864BD32833DD3F00AE6011 /* RxCocoa */; };
		EE864BD62833DD3F00AE6011 /* RxSwift in Frameworks */ = {isa = PBXBuildFile; productRef = EE864BD52833DD3F00AE6011 /* RxSwift */; };
		EE864BD82833DD3F00AE6011 /* RxTest in Frameworks */ = {isa = PBXBuildFile; productRef = EE864BD72833DD3F00AE6011 /* RxTest */; };
		EE864BDA2833DDB200AE6011 /* FollowingViewModelTests.swift in Sources */ = {isa = PBXBuildFile; fileRef = EE864BD92833DDB200AE6011 /* FollowingViewModelTests.swift */; };
		EE864BDC2833DED600AE6011 /* FollowerViewModelTests.swift in Sources */ = {isa = PBXBuildFile; fileRef = EE864BDB2833DED600AE6011 /* FollowerViewModelTests.swift */; };
		EE864BEB28340CD000AE6011 /* GitHubUser.json in Resources */ = {isa = PBXBuildFile; fileRef = EE81E1462833D6B2007D8A12 /* GitHubUser.json */; };
		EE864BEC28340CD600AE6011 /* GitHubUserFollower.json in Resources */ = {isa = PBXBuildFile; fileRef = EE81E1482833D6B2007D8A12 /* GitHubUserFollower.json */; };
		EE864BED28340CD900AE6011 /* GitHubeUserFollowing.json in Resources */ = {isa = PBXBuildFile; fileRef = EE81E1472833D6B2007D8A12 /* GitHubeUserFollowing.json */; };
		EECB70A82830F829002A0DCD /* AppDelegate.swift in Sources */ = {isa = PBXBuildFile; fileRef = EECB70A72830F829002A0DCD /* AppDelegate.swift */; };
		EECB70AC2830F829002A0DCD /* BaseTableViewController.swift in Sources */ = {isa = PBXBuildFile; fileRef = EECB70AB2830F829002A0DCD /* BaseTableViewController.swift */; };
		EECB70B12830F82B002A0DCD /* Assets.xcassets in Resources */ = {isa = PBXBuildFile; fileRef = EECB70B02830F82B002A0DCD /* Assets.xcassets */; };
		EECB70B42830F82B002A0DCD /* LaunchScreen.storyboard in Resources */ = {isa = PBXBuildFile; fileRef = EECB70B22830F82B002A0DCD /* LaunchScreen.storyboard */; };
		EECB70BF2830F82B002A0DCD /* SearchViewModelTests.swift in Sources */ = {isa = PBXBuildFile; fileRef = EECB70BE2830F82B002A0DCD /* SearchViewModelTests.swift */; };
		EECB70C92830F82B002A0DCD /* GitHubUserUITests.swift in Sources */ = {isa = PBXBuildFile; fileRef = EECB70C82830F82B002A0DCD /* GitHubUserUITests.swift */; };
		EECB70CB2830F82B002A0DCD /* GitHubUserUITestsLaunchTests.swift in Sources */ = {isa = PBXBuildFile; fileRef = EECB70CA2830F82B002A0DCD /* GitHubUserUITestsLaunchTests.swift */; };
		EECB70DE283125F4002A0DCD /* ViewModelType.swift in Sources */ = {isa = PBXBuildFile; fileRef = EECB70DD283125F4002A0DCD /* ViewModelType.swift */; };
		EECB70E128312632002A0DCD /* PaginationType.swift in Sources */ = {isa = PBXBuildFile; fileRef = EECB70E028312632002A0DCD /* PaginationType.swift */; };
		EECB70E328312D89002A0DCD /* SearchViewModel.swift in Sources */ = {isa = PBXBuildFile; fileRef = EECB70E228312D89002A0DCD /* SearchViewModel.swift */; };
		EECB70E8283142B9002A0DCD /* APIError.swift in Sources */ = {isa = PBXBuildFile; fileRef = EECB70E7283142B9002A0DCD /* APIError.swift */; };
		EECB70EA28314793002A0DCD /* GitHubService.swift in Sources */ = {isa = PBXBuildFile; fileRef = EECB70E928314793002A0DCD /* GitHubService.swift */; };
		EECB70F328316A4D002A0DCD /* GitHubTarget.swift in Sources */ = {isa = PBXBuildFile; fileRef = EECB70F228316A4D002A0DCD /* GitHubTarget.swift */; };
		EECB70F52831758C002A0DCD /* User.swift in Sources */ = {isa = PBXBuildFile; fileRef = EECB70F42831758C002A0DCD /* User.swift */; };
		EECB710028317F7F002A0DCD /* Moya in Frameworks */ = {isa = PBXBuildFile; productRef = EECB70FF28317F7F002A0DCD /* Moya */; };
		EECB710228317F7F002A0DCD /* RxMoya in Frameworks */ = {isa = PBXBuildFile; productRef = EECB710128317F7F002A0DCD /* RxMoya */; };
		EECB710528318333002A0DCD /* SearchResponse.swift in Sources */ = {isa = PBXBuildFile; fileRef = EECB710428318333002A0DCD /* SearchResponse.swift */; };
		EECB71072832223B002A0DCD /* CellType.swift in Sources */ = {isa = PBXBuildFile; fileRef = EECB71062832223B002A0DCD /* CellType.swift */; };
		EECB710928322249002A0DCD /* UserCell.swift in Sources */ = {isa = PBXBuildFile; fileRef = EECB710828322249002A0DCD /* UserCell.swift */; };
		EECB710C28323141002A0DCD /* SearchViewController.swift in Sources */ = {isa = PBXBuildFile; fileRef = EECB710B28323141002A0DCD /* SearchViewController.swift */; };
		EECB710F28323400002A0DCD /* Kingfisher in Frameworks */ = {isa = PBXBuildFile; productRef = EECB710E28323400002A0DCD /* Kingfisher */; };
		EECB711128323A94002A0DCD /* UIKit+Extensions.swift in Sources */ = {isa = PBXBuildFile; fileRef = EECB711028323A94002A0DCD /* UIKit+Extensions.swift */; };
		EECB711428323E12002A0DCD /* FollowViewModel.swift in Sources */ = {isa = PBXBuildFile; fileRef = EECB711328323E12002A0DCD /* FollowViewModel.swift */; };
/* End PBXBuildFile section */

/* Begin PBXContainerItemProxy section */
		EECB70BB2830F82B002A0DCD /* PBXContainerItemProxy */ = {
			isa = PBXContainerItemProxy;
			containerPortal = EECB709C2830F829002A0DCD /* Project object */;
			proxyType = 1;
			remoteGlobalIDString = EECB70A32830F829002A0DCD;
			remoteInfo = GitHubUser;
		};
		EECB70C52830F82B002A0DCD /* PBXContainerItemProxy */ = {
			isa = PBXContainerItemProxy;
			containerPortal = EECB709C2830F829002A0DCD /* Project object */;
			proxyType = 1;
			remoteGlobalIDString = EECB70A32830F829002A0DCD;
			remoteInfo = GitHubUser;
		};
/* End PBXContainerItemProxy section */

/* Begin PBXFileReference section */
		EE3CF9B728324189000C8A56 /* NotificationsHelper.swift */ = {isa = PBXFileReference; lastKnownFileType = sourcecode.swift; path = NotificationsHelper.swift; sourceTree = "<group>"; };
		EE3CF9B92832572D000C8A56 /* SearchCoordinator.swift */ = {isa = PBXFileReference; lastKnownFileType = sourcecode.swift; path = SearchCoordinator.swift; sourceTree = "<group>"; };
		EE3CF9BB2832573C000C8A56 /* AppCoordinator.swift */ = {isa = PBXFileReference; lastKnownFileType = sourcecode.swift; path = AppCoordinator.swift; sourceTree = "<group>"; };
		EE3CF9BE28325785000C8A56 /* Coordinator.swift */ = {isa = PBXFileReference; lastKnownFileType = sourcecode.swift; path = Coordinator.swift; sourceTree = "<group>"; };
		EE3CF9C128326261000C8A56 /* FollowViewController.swift */ = {isa = PBXFileReference; lastKnownFileType = sourcecode.swift; path = FollowViewController.swift; sourceTree = "<group>"; };
		EE3CF9C328326291000C8A56 /* FollowCoordinator.swift */ = {isa = PBXFileReference; lastKnownFileType = sourcecode.swift; path = FollowCoordinator.swift; sourceTree = "<group>"; };
		EE3CF9CD28328315000C8A56 /* Logger.swift */ = {isa = PBXFileReference; lastKnownFileType = sourcecode.swift; path = Logger.swift; sourceTree = "<group>"; };
		EE3CF9D2283290C1000C8A56 /* RoundedImageView.swift */ = {isa = PBXFileReference; lastKnownFileType = sourcecode.swift; path = RoundedImageView.swift; sourceTree = "<group>"; };
		EE3CF9D72832C558000C8A56 /* Theme.swift */ = {isa = PBXFileReference; lastKnownFileType = sourcecode.swift; path = Theme.swift; sourceTree = "<group>"; };
		EE81E13D2833C9B9007D8A12 /* MockGitHubService.swift */ = {isa = PBXFileReference; lastKnownFileType = sourcecode.swift; path = MockGitHubService.swift; sourceTree = "<group>"; };
		EE81E1462833D6B2007D8A12 /* GitHubUser.json */ = {isa = PBXFileReference; lastKnownFileType = text.json; path = GitHubUser.json; sourceTree = "<group>"; };
		EE81E1472833D6B2007D8A12 /* GitHubeUserFollowing.json */ = {isa = PBXFileReference; lastKnownFileType = text.json; path = GitHubeUserFollowing.json; sourceTree = "<group>"; };
		EE81E1482833D6B2007D8A12 /* GitHubUserFollower.json */ = {isa = PBXFileReference; lastKnownFileType = text.json; path = GitHubUserFollower.json; sourceTree = "<group>"; };
		EE81E1492833D8F8007D8A12 /* Bundle+Extension.swift */ = {isa = PBXFileReference; lastKnownFileType = sourcecode.swift; path = "Bundle+Extension.swift"; sourceTree = "<group>"; };
		EE864BD92833DDB200AE6011 /* FollowingViewModelTests.swift */ = {isa = PBXFileReference; lastKnownFileType = sourcecode.swift; path = FollowingViewModelTests.swift; sourceTree = "<group>"; };
		EE864BDB2833DED600AE6011 /* FollowerViewModelTests.swift */ = {isa = PBXFileReference; lastKnownFileType = sourcecode.swift; path = FollowerViewModelTests.swift; sourceTree = "<group>"; };
		EECB70A42830F829002A0DCD /* GitHubUser.app */ = {isa = PBXFileReference; explicitFileType = wrapper.application; includeInIndex = 0; path = GitHubUser.app; sourceTree = BUILT_PRODUCTS_DIR; };
		EECB70A72830F829002A0DCD /* AppDelegate.swift */ = {isa = PBXFileReference; lastKnownFileType = sourcecode.swift; path = AppDelegate.swift; sourceTree = "<group>"; };
		EECB70AB2830F829002A0DCD /* BaseTableViewController.swift */ = {isa = PBXFileReference; lastKnownFileType = sourcecode.swift; path = BaseTableViewController.swift; sourceTree = "<group>"; };
		EECB70B02830F82B002A0DCD /* Assets.xcassets */ = {isa = PBXFileReference; lastKnownFileType = folder.assetcatalog; path = Assets.xcassets; sourceTree = "<group>"; };
		EECB70B32830F82B002A0DCD /* Base */ = {isa = PBXFileReference; lastKnownFileType = file.storyboard; name = Base; path = Base.lproj/LaunchScreen.storyboard; sourceTree = "<group>"; };
		EECB70B52830F82B002A0DCD /* Info.plist */ = {isa = PBXFileReference; lastKnownFileType = text.plist.xml; path = Info.plist; sourceTree = "<group>"; };
		EECB70BA2830F82B002A0DCD /* GitHubUserTests.xctest */ = {isa = PBXFileReference; explicitFileType = wrapper.cfbundle; includeInIndex = 0; path = GitHubUserTests.xctest; sourceTree = BUILT_PRODUCTS_DIR; };
		EECB70BE2830F82B002A0DCD /* SearchViewModelTests.swift */ = {isa = PBXFileReference; lastKnownFileType = sourcecode.swift; path = SearchViewModelTests.swift; sourceTree = "<group>"; };
		EECB70C42830F82B002A0DCD /* GitHubUserUITests.xctest */ = {isa = PBXFileReference; explicitFileType = wrapper.cfbundle; includeInIndex = 0; path = GitHubUserUITests.xctest; sourceTree = BUILT_PRODUCTS_DIR; };
		EECB70C82830F82B002A0DCD /* GitHubUserUITests.swift */ = {isa = PBXFileReference; lastKnownFileType = sourcecode.swift; path = GitHubUserUITests.swift; sourceTree = "<group>"; };
		EECB70CA2830F82B002A0DCD /* GitHubUserUITestsLaunchTests.swift */ = {isa = PBXFileReference; lastKnownFileType = sourcecode.swift; path = GitHubUserUITestsLaunchTests.swift; sourceTree = "<group>"; };
		EECB70DD283125F4002A0DCD /* ViewModelType.swift */ = {isa = PBXFileReference; lastKnownFileType = sourcecode.swift; path = ViewModelType.swift; sourceTree = "<group>"; };
		EECB70E028312632002A0DCD /* PaginationType.swift */ = {isa = PBXFileReference; lastKnownFileType = sourcecode.swift; path = PaginationType.swift; sourceTree = "<group>"; };
		EECB70E228312D89002A0DCD /* SearchViewModel.swift */ = {isa = PBXFileReference; lastKnownFileType = sourcecode.swift; path = SearchViewModel.swift; sourceTree = "<group>"; };
		EECB70E7283142B9002A0DCD /* APIError.swift */ = {isa = PBXFileReference; lastKnownFileType = sourcecode.swift; path = APIError.swift; sourceTree = "<group>"; };
		EECB70E928314793002A0DCD /* GitHubService.swift */ = {isa = PBXFileReference; lastKnownFileType = sourcecode.swift; path = GitHubService.swift; sourceTree = "<group>"; };
		EECB70F228316A4D002A0DCD /* GitHubTarget.swift */ = {isa = PBXFileReference; lastKnownFileType = sourcecode.swift; path = GitHubTarget.swift; sourceTree = "<group>"; };
		EECB70F42831758C002A0DCD /* User.swift */ = {isa = PBXFileReference; lastKnownFileType = sourcecode.swift; path = User.swift; sourceTree = "<group>"; };
		EECB710428318333002A0DCD /* SearchResponse.swift */ = {isa = PBXFileReference; lastKnownFileType = sourcecode.swift; path = SearchResponse.swift; sourceTree = "<group>"; };
		EECB71062832223B002A0DCD /* CellType.swift */ = {isa = PBXFileReference; lastKnownFileType = sourcecode.swift; path = CellType.swift; sourceTree = "<group>"; };
		EECB710828322249002A0DCD /* UserCell.swift */ = {isa = PBXFileReference; lastKnownFileType = sourcecode.swift; path = UserCell.swift; sourceTree = "<group>"; };
		EECB710B28323141002A0DCD /* SearchViewController.swift */ = {isa = PBXFileReference; lastKnownFileType = sourcecode.swift; path = SearchViewController.swift; sourceTree = "<group>"; };
		EECB711028323A94002A0DCD /* UIKit+Extensions.swift */ = {isa = PBXFileReference; lastKnownFileType = sourcecode.swift; path = "UIKit+Extensions.swift"; sourceTree = "<group>"; };
		EECB711328323E12002A0DCD /* FollowViewModel.swift */ = {isa = PBXFileReference; lastKnownFileType = sourcecode.swift; path = FollowViewModel.swift; sourceTree = "<group>"; };
/* End PBXFileReference section */

/* Begin PBXFrameworksBuildPhase section */
		EECB70A12830F829002A0DCD /* Frameworks */ = {
			isa = PBXFrameworksBuildPhase;
			buildActionMask = 2147483647;
			files = (
				EE3CF9D12832847A000C8A56 /* Logging in Frameworks */,
				EE864BD22833DD3F00AE6011 /* RxBlocking in Frameworks */,
				EECB710228317F7F002A0DCD /* RxMoya in Frameworks */,
				EE864BD42833DD3F00AE6011 /* RxCocoa in Frameworks */,
				EECB710028317F7F002A0DCD /* Moya in Frameworks */,
				EE3CF9B628324160000C8A56 /* SwiftMessages in Frameworks */,
				EE864BD62833DD3F00AE6011 /* RxSwift in Frameworks */,
				EECB710F28323400002A0DCD /* Kingfisher in Frameworks */,
			);
			runOnlyForDeploymentPostprocessing = 0;
		};
		EECB70B72830F82B002A0DCD /* Frameworks */ = {
			isa = PBXFrameworksBuildPhase;
			buildActionMask = 2147483647;
			files = (
				EE864BD82833DD3F00AE6011 /* RxTest in Frameworks */,
			);
			runOnlyForDeploymentPostprocessing = 0;
		};
		EECB70C12830F82B002A0DCD /* Frameworks */ = {
			isa = PBXFrameworksBuildPhase;
			buildActionMask = 2147483647;
			files = (
			);
			runOnlyForDeploymentPostprocessing = 0;
		};
/* End PBXFrameworksBuildPhase section */

/* Begin PBXGroup section */
		EE3CF9BD28325749000C8A56 /* App */ = {
			isa = PBXGroup;
			children = (
				EECB70A72830F829002A0DCD /* AppDelegate.swift */,
				EE3CF9BB2832573C000C8A56 /* AppCoordinator.swift */,
			);
			path = App;
			sourceTree = "<group>";
		};
		EE3CF9D62832AD64000C8A56 /* CommonCells */ = {
			isa = PBXGroup;
			children = (
				EECB710828322249002A0DCD /* UserCell.swift */,
			);
			path = CommonCells;
			sourceTree = "<group>";
		};
		EE81E1452833D6B2007D8A12 /* TestData */ = {
			isa = PBXGroup;
			children = (
				EE81E1462833D6B2007D8A12 /* GitHubUser.json */,
				EE81E1482833D6B2007D8A12 /* GitHubUserFollower.json */,
				EE81E1472833D6B2007D8A12 /* GitHubeUserFollowing.json */,
			);
			path = TestData;
			sourceTree = "<group>";
		};
		EECB709B2830F829002A0DCD = {
			isa = PBXGroup;
			children = (
				EECB70A62830F829002A0DCD /* GitHubUser */,
				EECB70BD2830F82B002A0DCD /* GitHubUserTests */,
				EECB70C72830F82B002A0DCD /* GitHubUserUITests */,
				EECB70A52830F829002A0DCD /* Products */,
			);
			sourceTree = "<group>";
		};
		EECB70A52830F829002A0DCD /* Products */ = {
			isa = PBXGroup;
			children = (
				EECB70A42830F829002A0DCD /* GitHubUser.app */,
				EECB70BA2830F82B002A0DCD /* GitHubUserTests.xctest */,
				EECB70C42830F82B002A0DCD /* GitHubUserUITests.xctest */,
			);
			name = Products;
			sourceTree = "<group>";
		};
		EECB70A62830F829002A0DCD /* GitHubUser */ = {
			isa = PBXGroup;
			children = (
				EE3CF9BD28325749000C8A56 /* App */,
				EECB711228323B09002A0DCD /* Helpers + Extensions */,
				EECB70F128316A3C002A0DCD /* Networking */,
				EECB70E4283130F1002A0DCD /* Modules */,
				EECB70DF28312618002A0DCD /* Protocols */,
				EECB70DC283125C8002A0DCD /* Reusables */,
				EECB70B02830F82B002A0DCD /* Assets.xcassets */,
				EECB70B22830F82B002A0DCD /* LaunchScreen.storyboard */,
				EECB70B52830F82B002A0DCD /* Info.plist */,
			);
			path = GitHubUser;
			sourceTree = "<group>";
		};
		EECB70BD2830F82B002A0DCD /* GitHubUserTests */ = {
			isa = PBXGroup;
			children = (
				EE81E1452833D6B2007D8A12 /* TestData */,
				EE81E13D2833C9B9007D8A12 /* MockGitHubService.swift */,
				EECB70BE2830F82B002A0DCD /* SearchViewModelTests.swift */,
				EE864BDB2833DED600AE6011 /* FollowerViewModelTests.swift */,
				EE864BD92833DDB200AE6011 /* FollowingViewModelTests.swift */,
			);
			path = GitHubUserTests;
			sourceTree = "<group>";
		};
		EECB70C72830F82B002A0DCD /* GitHubUserUITests */ = {
			isa = PBXGroup;
			children = (
				EECB70C82830F82B002A0DCD /* GitHubUserUITests.swift */,
				EECB70CA2830F82B002A0DCD /* GitHubUserUITestsLaunchTests.swift */,
			);
			path = GitHubUserUITests;
			sourceTree = "<group>";
		};
		EECB70DC283125C8002A0DCD /* Reusables */ = {
			isa = PBXGroup;
			children = (
				EE3CF9D2283290C1000C8A56 /* RoundedImageView.swift */,
				EECB70AB2830F829002A0DCD /* BaseTableViewController.swift */,
			);
			path = Reusables;
			sourceTree = "<group>";
		};
		EECB70DF28312618002A0DCD /* Protocols */ = {
			isa = PBXGroup;
			children = (
				EECB71062832223B002A0DCD /* CellType.swift */,
				EE3CF9BE28325785000C8A56 /* Coordinator.swift */,
				EECB70E028312632002A0DCD /* PaginationType.swift */,
				EECB70DD283125F4002A0DCD /* ViewModelType.swift */,
			);
			path = Protocols;
			sourceTree = "<group>";
		};
		EECB70E4283130F1002A0DCD /* Modules */ = {
			isa = PBXGroup;
			children = (
				EE3CF9D62832AD64000C8A56 /* CommonCells */,
				EECB710A28322256002A0DCD /* Search */,
				EECB711528323E16002A0DCD /* Follow */,
			);
			path = Modules;
			sourceTree = "<group>";
		};
		EECB70F128316A3C002A0DCD /* Networking */ = {
			isa = PBXGroup;
			children = (
				EECB710328317FAB002A0DCD /* GitHub */,
				EECB70F6283175EE002A0DCD /* Models */,
			);
			path = Networking;
			sourceTree = "<group>";
		};
		EECB70F6283175EE002A0DCD /* Models */ = {
			isa = PBXGroup;
			children = (
				EECB70F42831758C002A0DCD /* User.swift */,
				EECB70E7283142B9002A0DCD /* APIError.swift */,
				EECB710428318333002A0DCD /* SearchResponse.swift */,
			);
			path = Models;
			sourceTree = "<group>";
		};
		EECB710328317FAB002A0DCD /* GitHub */ = {
			isa = PBXGroup;
			children = (
				EECB70E928314793002A0DCD /* GitHubService.swift */,
				EECB70F228316A4D002A0DCD /* GitHubTarget.swift */,
			);
			path = GitHub;
			sourceTree = "<group>";
		};
		EECB710A28322256002A0DCD /* Search */ = {
			isa = PBXGroup;
			children = (
				EECB70E228312D89002A0DCD /* SearchViewModel.swift */,
				EE3CF9B92832572D000C8A56 /* SearchCoordinator.swift */,
				EECB710B28323141002A0DCD /* SearchViewController.swift */,
			);
			path = Search;
			sourceTree = "<group>";
		};
		EECB711228323B09002A0DCD /* Helpers + Extensions */ = {
			isa = PBXGroup;
			children = (
				EECB711028323A94002A0DCD /* UIKit+Extensions.swift */,
				EE81E1492833D8F8007D8A12 /* Bundle+Extension.swift */,
				EE3CF9B728324189000C8A56 /* NotificationsHelper.swift */,
				EE3CF9CD28328315000C8A56 /* Logger.swift */,
				EE3CF9D72832C558000C8A56 /* Theme.swift */,
			);
			path = "Helpers + Extensions";
			sourceTree = "<group>";
		};
		EECB711528323E16002A0DCD /* Follow */ = {
			isa = PBXGroup;
			children = (
				EECB711328323E12002A0DCD /* FollowViewModel.swift */,
				EE3CF9C328326291000C8A56 /* FollowCoordinator.swift */,
				EE3CF9C128326261000C8A56 /* FollowViewController.swift */,
			);
			path = Follow;
			sourceTree = "<group>";
		};
/* End PBXGroup section */

/* Begin PBXNativeTarget section */
		EECB70A32830F829002A0DCD /* GitHubUser */ = {
			isa = PBXNativeTarget;
			buildConfigurationList = EECB70CE2830F82B002A0DCD /* Build configuration list for PBXNativeTarget "GitHubUser" */;
			buildPhases = (
				EE3CF9CC28327A6D000C8A56 /* SwiftLint */,
				EECB70A02830F829002A0DCD /* Sources */,
				EECB70A12830F829002A0DCD /* Frameworks */,
				EECB70A22830F829002A0DCD /* Resources */,
			);
			buildRules = (
			);
			dependencies = (
			);
			name = GitHubUser;
			packageProductDependencies = (
				EECB70FF28317F7F002A0DCD /* Moya */,
				EECB710128317F7F002A0DCD /* RxMoya */,
				EECB710E28323400002A0DCD /* Kingfisher */,
				EE3CF9B528324160000C8A56 /* SwiftMessages */,
				EE3CF9D02832847A000C8A56 /* Logging */,
				EE864BD12833DD3F00AE6011 /* RxBlocking */,
				EE864BD32833DD3F00AE6011 /* RxCocoa */,
				EE864BD52833DD3F00AE6011 /* RxSwift */,
			);
			productName = GitHubUser;
			productReference = EECB70A42830F829002A0DCD /* GitHubUser.app */;
			productType = "com.apple.product-type.application";
		};
		EECB70B92830F82B002A0DCD /* GitHubUserTests */ = {
			isa = PBXNativeTarget;
			buildConfigurationList = EECB70D12830F82B002A0DCD /* Build configuration list for PBXNativeTarget "GitHubUserTests" */;
			buildPhases = (
				EECB70B62830F82B002A0DCD /* Sources */,
				EECB70B72830F82B002A0DCD /* Frameworks */,
				EECB70B82830F82B002A0DCD /* Resources */,
			);
			buildRules = (
			);
			dependencies = (
				EECB70BC2830F82B002A0DCD /* PBXTargetDependency */,
			);
			name = GitHubUserTests;
			packageProductDependencies = (
				EE864BD72833DD3F00AE6011 /* RxTest */,
			);
			productName = GitHubUserTests;
			productReference = EECB70BA2830F82B002A0DCD /* GitHubUserTests.xctest */;
			productType = "com.apple.product-type.bundle.unit-test";
		};
		EECB70C32830F82B002A0DCD /* GitHubUserUITests */ = {
			isa = PBXNativeTarget;
			buildConfigurationList = EECB70D42830F82B002A0DCD /* Build configuration list for PBXNativeTarget "GitHubUserUITests" */;
			buildPhases = (
				EECB70C02830F82B002A0DCD /* Sources */,
				EECB70C12830F82B002A0DCD /* Frameworks */,
				EECB70C22830F82B002A0DCD /* Resources */,
			);
			buildRules = (
			);
			dependencies = (
				EECB70C62830F82B002A0DCD /* PBXTargetDependency */,
			);
			name = GitHubUserUITests;
			productName = GitHubUserUITests;
			productReference = EECB70C42830F82B002A0DCD /* GitHubUserUITests.xctest */;
			productType = "com.apple.product-type.bundle.ui-testing";
		};
/* End PBXNativeTarget section */

/* Begin PBXProject section */
		EECB709C2830F829002A0DCD /* Project object */ = {
			isa = PBXProject;
			attributes = {
				BuildIndependentTargetsInParallel = 1;
				LastSwiftUpdateCheck = 1330;
				LastUpgradeCheck = 1330;
				TargetAttributes = {
					EECB70A32830F829002A0DCD = {
						CreatedOnToolsVersion = 13.3.1;
					};
					EECB70B92830F82B002A0DCD = {
						CreatedOnToolsVersion = 13.3.1;
						TestTargetID = EECB70A32830F829002A0DCD;
					};
					EECB70C32830F82B002A0DCD = {
						CreatedOnToolsVersion = 13.3.1;
						TestTargetID = EECB70A32830F829002A0DCD;
					};
				};
			};
			buildConfigurationList = EECB709F2830F829002A0DCD /* Build configuration list for PBXProject "GitHubUser" */;
			compatibilityVersion = "Xcode 13.0";
			developmentRegion = en;
			hasScannedForEncodings = 0;
			knownRegions = (
				en,
				Base,
			);
			mainGroup = EECB709B2830F829002A0DCD;
			packageReferences = (
				EECB70FE28317F7E002A0DCD /* XCRemoteSwiftPackageReference "Moya" */,
				EECB710D28323400002A0DCD /* XCRemoteSwiftPackageReference "Kingfisher" */,
				EE3CF9B428324160000C8A56 /* XCRemoteSwiftPackageReference "SwiftMessages" */,
				EE3CF9CF2832847A000C8A56 /* XCRemoteSwiftPackageReference "swift-log" */,
				EE864BD02833DD3F00AE6011 /* XCRemoteSwiftPackageReference "RxSwift" */,
			);
			productRefGroup = EECB70A52830F829002A0DCD /* Products */;
			projectDirPath = "";
			projectRoot = "";
			targets = (
				EECB70A32830F829002A0DCD /* GitHubUser */,
				EECB70B92830F82B002A0DCD /* GitHubUserTests */,
				EECB70C32830F82B002A0DCD /* GitHubUserUITests */,
			);
		};
/* End PBXProject section */

/* Begin PBXResourcesBuildPhase section */
		EECB70A22830F829002A0DCD /* Resources */ = {
			isa = PBXResourcesBuildPhase;
			buildActionMask = 2147483647;
			files = (
				EE864BEB28340CD000AE6011 /* GitHubUser.json in Resources */,
				EECB70B42830F82B002A0DCD /* LaunchScreen.storyboard in Resources */,
				EECB70B12830F82B002A0DCD /* Assets.xcassets in Resources */,
				EE864BEC28340CD600AE6011 /* GitHubUserFollower.json in Resources */,
				EE864BED28340CD900AE6011 /* GitHubeUserFollowing.json in Resources */,
			);
			runOnlyForDeploymentPostprocessing = 0;
		};
		EECB70B82830F82B002A0DCD /* Resources */ = {
			isa = PBXResourcesBuildPhase;
			buildActionMask = 2147483647;
			files = (
			);
			runOnlyForDeploymentPostprocessing = 0;
		};
		EECB70C22830F82B002A0DCD /* Resources */ = {
			isa = PBXResourcesBuildPhase;
			buildActionMask = 2147483647;
			files = (
			);
			runOnlyForDeploymentPostprocessing = 0;
		};
/* End PBXResourcesBuildPhase section */

/* Begin PBXShellScriptBuildPhase section */
		EE3CF9CC28327A6D000C8A56 /* SwiftLint */ = {
			isa = PBXShellScriptBuildPhase;
			buildActionMask = 2147483647;
			files = (
			);
			inputFileListPaths = (
			);
			inputPaths = (
			);
			name = SwiftLint;
			outputFileListPaths = (
			);
			outputPaths = (
			);
			runOnlyForDeploymentPostprocessing = 0;
			shellPath = /bin/sh;
			shellScript = "# Type a script or drag a script file from your workspace to insert its path.\nif which swiftlint >/dev/null; then\n  swiftlint\nelse\n  echo \"warning: SwiftLint not installed, download from https://github.com/realm/SwiftLint\"\nfi\n";
		};
/* End PBXShellScriptBuildPhase section */

/* Begin PBXSourcesBuildPhase section */
		EECB70A02830F829002A0DCD /* Sources */ = {
			isa = PBXSourcesBuildPhase;
			buildActionMask = 2147483647;
			files = (
				EE3CF9C228326261000C8A56 /* FollowViewController.swift in Sources */,
				EE81E14A2833D8F8007D8A12 /* Bundle+Extension.swift in Sources */,
				EECB711128323A94002A0DCD /* UIKit+Extensions.swift in Sources */,
				EECB70AC2830F829002A0DCD /* BaseTableViewController.swift in Sources */,
				EECB71072832223B002A0DCD /* CellType.swift in Sources */,
				EE3CF9CE28328315000C8A56 /* Logger.swift in Sources */,
				EECB70E328312D89002A0DCD /* SearchViewModel.swift in Sources */,
				EECB710C28323141002A0DCD /* SearchViewController.swift in Sources */,
				EECB70E8283142B9002A0DCD /* APIError.swift in Sources */,
				EE3CF9BF28325785000C8A56 /* Coordinator.swift in Sources */,
				EE3CF9D82832C558000C8A56 /* Theme.swift in Sources */,
				EE3CF9BC2832573C000C8A56 /* AppCoordinator.swift in Sources */,
				EECB70A82830F829002A0DCD /* AppDelegate.swift in Sources */,
				EECB70DE283125F4002A0DCD /* ViewModelType.swift in Sources */,
				EECB711428323E12002A0DCD /* FollowViewModel.swift in Sources */,
				EE3CF9C428326291000C8A56 /* FollowCoordinator.swift in Sources */,
				EECB710528318333002A0DCD /* SearchResponse.swift in Sources */,
				EE3CF9D3283290C1000C8A56 /* RoundedImageView.swift in Sources */,
				EECB70F328316A4D002A0DCD /* GitHubTarget.swift in Sources */,
				EECB710928322249002A0DCD /* UserCell.swift in Sources */,
				EECB70E128312632002A0DCD /* PaginationType.swift in Sources */,
				EECB70F52831758C002A0DCD /* User.swift in Sources */,
				EE3CF9B828324189000C8A56 /* NotificationsHelper.swift in Sources */,
				EE3CF9BA2832572D000C8A56 /* SearchCoordinator.swift in Sources */,
				EECB70EA28314793002A0DCD /* GitHubService.swift in Sources */,
			);
			runOnlyForDeploymentPostprocessing = 0;
		};
		EECB70B62830F82B002A0DCD /* Sources */ = {
			isa = PBXSourcesBuildPhase;
			buildActionMask = 2147483647;
			files = (
				EE864BDC2833DED600AE6011 /* FollowerViewModelTests.swift in Sources */,
				EECB70BF2830F82B002A0DCD /* SearchViewModelTests.swift in Sources */,
				EE81E13E2833C9B9007D8A12 /* MockGitHubService.swift in Sources */,
				EE864BDA2833DDB200AE6011 /* FollowingViewModelTests.swift in Sources */,
			);
			runOnlyForDeploymentPostprocessing = 0;
		};
		EECB70C02830F82B002A0DCD /* Sources */ = {
			isa = PBXSourcesBuildPhase;
			buildActionMask = 2147483647;
			files = (
				EECB70CB2830F82B002A0DCD /* GitHubUserUITestsLaunchTests.swift in Sources */,
				EECB70C92830F82B002A0DCD /* GitHubUserUITests.swift in Sources */,
			);
			runOnlyForDeploymentPostprocessing = 0;
		};
/* End PBXSourcesBuildPhase section */

/* Begin PBXTargetDependency section */
		EECB70BC2830F82B002A0DCD /* PBXTargetDependency */ = {
			isa = PBXTargetDependency;
			target = EECB70A32830F829002A0DCD /* GitHubUser */;
			targetProxy = EECB70BB2830F82B002A0DCD /* PBXContainerItemProxy */;
		};
		EECB70C62830F82B002A0DCD /* PBXTargetDependency */ = {
			isa = PBXTargetDependency;
			target = EECB70A32830F829002A0DCD /* GitHubUser */;
			targetProxy = EECB70C52830F82B002A0DCD /* PBXContainerItemProxy */;
		};
/* End PBXTargetDependency section */

/* Begin PBXVariantGroup section */
		EECB70B22830F82B002A0DCD /* LaunchScreen.storyboard */ = {
			isa = PBXVariantGroup;
			children = (
				EECB70B32830F82B002A0DCD /* Base */,
			);
			name = LaunchScreen.storyboard;
			sourceTree = "<group>";
		};
/* End PBXVariantGroup section */

/* Begin XCBuildConfiguration section */
		EECB70CC2830F82B002A0DCD /* Debug */ = {
			isa = XCBuildConfiguration;
			buildSettings = {
				ALWAYS_SEARCH_USER_PATHS = NO;
				CLANG_ANALYZER_NONNULL = YES;
				CLANG_ANALYZER_NUMBER_OBJECT_CONVERSION = YES_AGGRESSIVE;
				CLANG_CXX_LANGUAGE_STANDARD = "gnu++17";
				CLANG_ENABLE_MODULES = YES;
				CLANG_ENABLE_OBJC_ARC = YES;
				CLANG_ENABLE_OBJC_WEAK = YES;
				CLANG_WARN_BLOCK_CAPTURE_AUTORELEASING = YES;
				CLANG_WARN_BOOL_CONVERSION = YES;
				CLANG_WARN_COMMA = YES;
				CLANG_WARN_CONSTANT_CONVERSION = YES;
				CLANG_WARN_DEPRECATED_OBJC_IMPLEMENTATIONS = YES;
				CLANG_WARN_DIRECT_OBJC_ISA_USAGE = YES_ERROR;
				CLANG_WARN_DOCUMENTATION_COMMENTS = YES;
				CLANG_WARN_EMPTY_BODY = YES;
				CLANG_WARN_ENUM_CONVERSION = YES;
				CLANG_WARN_INFINITE_RECURSION = YES;
				CLANG_WARN_INT_CONVERSION = YES;
				CLANG_WARN_NON_LITERAL_NULL_CONVERSION = YES;
				CLANG_WARN_OBJC_IMPLICIT_RETAIN_SELF = YES;
				CLANG_WARN_OBJC_LITERAL_CONVERSION = YES;
				CLANG_WARN_OBJC_ROOT_CLASS = YES_ERROR;
				CLANG_WARN_QUOTED_INCLUDE_IN_FRAMEWORK_HEADER = YES;
				CLANG_WARN_RANGE_LOOP_ANALYSIS = YES;
				CLANG_WARN_STRICT_PROTOTYPES = YES;
				CLANG_WARN_SUSPICIOUS_MOVE = YES;
				CLANG_WARN_UNGUARDED_AVAILABILITY = YES_AGGRESSIVE;
				CLANG_WARN_UNREACHABLE_CODE = YES;
				CLANG_WARN__DUPLICATE_METHOD_MATCH = YES;
				COPY_PHASE_STRIP = NO;
				DEBUG_INFORMATION_FORMAT = dwarf;
				ENABLE_STRICT_OBJC_MSGSEND = YES;
				ENABLE_TESTABILITY = YES;
				GCC_C_LANGUAGE_STANDARD = gnu11;
				GCC_DYNAMIC_NO_PIC = NO;
				GCC_NO_COMMON_BLOCKS = YES;
				GCC_OPTIMIZATION_LEVEL = 0;
				GCC_PREPROCESSOR_DEFINITIONS = (
					"DEBUG=1",
					"$(inherited)",
				);
				GCC_WARN_64_TO_32_BIT_CONVERSION = YES;
				GCC_WARN_ABOUT_RETURN_TYPE = YES_ERROR;
				GCC_WARN_UNDECLARED_SELECTOR = YES;
				GCC_WARN_UNINITIALIZED_AUTOS = YES_AGGRESSIVE;
				GCC_WARN_UNUSED_FUNCTION = YES;
				GCC_WARN_UNUSED_VARIABLE = YES;
				IPHONEOS_DEPLOYMENT_TARGET = 15.4;
				MTL_ENABLE_DEBUG_INFO = INCLUDE_SOURCE;
				MTL_FAST_MATH = YES;
				ONLY_ACTIVE_ARCH = YES;
				SDKROOT = iphoneos;
				SWIFT_ACTIVE_COMPILATION_CONDITIONS = DEBUG;
				SWIFT_OPTIMIZATION_LEVEL = "-Onone";
			};
			name = Debug;
		};
		EECB70CD2830F82B002A0DCD /* Release */ = {
			isa = XCBuildConfiguration;
			buildSettings = {
				ALWAYS_SEARCH_USER_PATHS = NO;
				CLANG_ANALYZER_NONNULL = YES;
				CLANG_ANALYZER_NUMBER_OBJECT_CONVERSION = YES_AGGRESSIVE;
				CLANG_CXX_LANGUAGE_STANDARD = "gnu++17";
				CLANG_ENABLE_MODULES = YES;
				CLANG_ENABLE_OBJC_ARC = YES;
				CLANG_ENABLE_OBJC_WEAK = YES;
				CLANG_WARN_BLOCK_CAPTURE_AUTORELEASING = YES;
				CLANG_WARN_BOOL_CONVERSION = YES;
				CLANG_WARN_COMMA = YES;
				CLANG_WARN_CONSTANT_CONVERSION = YES;
				CLANG_WARN_DEPRECATED_OBJC_IMPLEMENTATIONS = YES;
				CLANG_WARN_DIRECT_OBJC_ISA_USAGE = YES_ERROR;
				CLANG_WARN_DOCUMENTATION_COMMENTS = YES;
				CLANG_WARN_EMPTY_BODY = YES;
				CLANG_WARN_ENUM_CONVERSION = YES;
				CLANG_WARN_INFINITE_RECURSION = YES;
				CLANG_WARN_INT_CONVERSION = YES;
				CLANG_WARN_NON_LITERAL_NULL_CONVERSION = YES;
				CLANG_WARN_OBJC_IMPLICIT_RETAIN_SELF = YES;
				CLANG_WARN_OBJC_LITERAL_CONVERSION = YES;
				CLANG_WARN_OBJC_ROOT_CLASS = YES_ERROR;
				CLANG_WARN_QUOTED_INCLUDE_IN_FRAMEWORK_HEADER = YES;
				CLANG_WARN_RANGE_LOOP_ANALYSIS = YES;
				CLANG_WARN_STRICT_PROTOTYPES = YES;
				CLANG_WARN_SUSPICIOUS_MOVE = YES;
				CLANG_WARN_UNGUARDED_AVAILABILITY = YES_AGGRESSIVE;
				CLANG_WARN_UNREACHABLE_CODE = YES;
				CLANG_WARN__DUPLICATE_METHOD_MATCH = YES;
				COPY_PHASE_STRIP = NO;
				DEBUG_INFORMATION_FORMAT = "dwarf-with-dsym";
				ENABLE_NS_ASSERTIONS = NO;
				ENABLE_STRICT_OBJC_MSGSEND = YES;
				GCC_C_LANGUAGE_STANDARD = gnu11;
				GCC_NO_COMMON_BLOCKS = YES;
				GCC_WARN_64_TO_32_BIT_CONVERSION = YES;
				GCC_WARN_ABOUT_RETURN_TYPE = YES_ERROR;
				GCC_WARN_UNDECLARED_SELECTOR = YES;
				GCC_WARN_UNINITIALIZED_AUTOS = YES_AGGRESSIVE;
				GCC_WARN_UNUSED_FUNCTION = YES;
				GCC_WARN_UNUSED_VARIABLE = YES;
				IPHONEOS_DEPLOYMENT_TARGET = 15.4;
				MTL_ENABLE_DEBUG_INFO = NO;
				MTL_FAST_MATH = YES;
				SDKROOT = iphoneos;
				SWIFT_COMPILATION_MODE = wholemodule;
				SWIFT_OPTIMIZATION_LEVEL = "-O";
				VALIDATE_PRODUCT = YES;
			};
			name = Release;
		};
		EECB70CF2830F82B002A0DCD /* Debug */ = {
			isa = XCBuildConfiguration;
			buildSettings = {
				ASSETCATALOG_COMPILER_APPICON_NAME = AppIcon;
				ASSETCATALOG_COMPILER_GLOBAL_ACCENT_COLOR_NAME = AccentColor;
				CODE_SIGN_STYLE = Automatic;
				CURRENT_PROJECT_VERSION = 1;
				DEVELOPMENT_TEAM = X5E66Q9HX8;
				GENERATE_INFOPLIST_FILE = YES;
				INFOPLIST_FILE = GitHubUser/Info.plist;
				INFOPLIST_KEY_UIApplicationSupportsIndirectInputEvents = YES;
				INFOPLIST_KEY_UILaunchStoryboardName = LaunchScreen;
				INFOPLIST_KEY_UISupportedInterfaceOrientations_iPad = "UIInterfaceOrientationPortrait UIInterfaceOrientationPortraitUpsideDown UIInterfaceOrientationLandscapeLeft UIInterfaceOrientationLandscapeRight";
				INFOPLIST_KEY_UISupportedInterfaceOrientations_iPhone = "UIInterfaceOrientationPortrait UIInterfaceOrientationLandscapeLeft UIInterfaceOrientationLandscapeRight";
				LD_RUNPATH_SEARCH_PATHS = (
					"$(inherited)",
					"@executable_path/Frameworks",
				);
				MARKETING_VERSION = 1.0;
				PRODUCT_BUNDLE_IDENTIFIER = com.something.GitHubUser;
				PRODUCT_NAME = "$(TARGET_NAME)";
				SWIFT_EMIT_LOC_STRINGS = YES;
				SWIFT_VERSION = 5.0;
				TARGETED_DEVICE_FAMILY = "1,2";
			};
			name = Debug;
		};
		EECB70D02830F82B002A0DCD /* Release */ = {
			isa = XCBuildConfiguration;
			buildSettings = {
				ASSETCATALOG_COMPILER_APPICON_NAME = AppIcon;
				ASSETCATALOG_COMPILER_GLOBAL_ACCENT_COLOR_NAME = AccentColor;
				CODE_SIGN_STYLE = Automatic;
				CURRENT_PROJECT_VERSION = 1;
				DEVELOPMENT_TEAM = X5E66Q9HX8;
				GENERATE_INFOPLIST_FILE = YES;
				INFOPLIST_FILE = GitHubUser/Info.plist;
				INFOPLIST_KEY_UIApplicationSupportsIndirectInputEvents = YES;
				INFOPLIST_KEY_UILaunchStoryboardName = LaunchScreen;
				INFOPLIST_KEY_UISupportedInterfaceOrientations_iPad = "UIInterfaceOrientationPortrait UIInterfaceOrientationPortraitUpsideDown UIInterfaceOrientationLandscapeLeft UIInterfaceOrientationLandscapeRight";
				INFOPLIST_KEY_UISupportedInterfaceOrientations_iPhone = "UIInterfaceOrientationPortrait UIInterfaceOrientationLandscapeLeft UIInterfaceOrientationLandscapeRight";
				LD_RUNPATH_SEARCH_PATHS = (
					"$(inherited)",
					"@executable_path/Frameworks",
				);
				MARKETING_VERSION = 1.0;
				PRODUCT_BUNDLE_IDENTIFIER = com.something.GitHubUser;
				PRODUCT_NAME = "$(TARGET_NAME)";
				SWIFT_EMIT_LOC_STRINGS = YES;
				SWIFT_VERSION = 5.0;
				TARGETED_DEVICE_FAMILY = "1,2";
			};
			name = Release;
		};
		EECB70D22830F82B002A0DCD /* Debug */ = {
			isa = XCBuildConfiguration;
			buildSettings = {
				ALWAYS_EMBED_SWIFT_STANDARD_LIBRARIES = YES;
				BUNDLE_LOADER = "$(TEST_HOST)";
				CODE_SIGN_STYLE = Automatic;
				CURRENT_PROJECT_VERSION = 1;
				DEVELOPMENT_TEAM = X5E66Q9HX8;
				GENERATE_INFOPLIST_FILE = YES;
				IPHONEOS_DEPLOYMENT_TARGET = 15.4;
				MARKETING_VERSION = 1.0;
				PRODUCT_BUNDLE_IDENTIFIER = com.something.GitHubUserTests;
				PRODUCT_NAME = "$(TARGET_NAME)";
				SWIFT_EMIT_LOC_STRINGS = NO;
				SWIFT_VERSION = 5.0;
				TARGETED_DEVICE_FAMILY = "1,2";
				TEST_HOST = "$(BUILT_PRODUCTS_DIR)/GitHubUser.app/GitHubUser";
			};
			name = Debug;
		};
		EECB70D32830F82B002A0DCD /* Release */ = {
			isa = XCBuildConfiguration;
			buildSettings = {
				ALWAYS_EMBED_SWIFT_STANDARD_LIBRARIES = YES;
				BUNDLE_LOADER = "$(TEST_HOST)";
				CODE_SIGN_STYLE = Automatic;
				CURRENT_PROJECT_VERSION = 1;
				DEVELOPMENT_TEAM = X5E66Q9HX8;
				GENERATE_INFOPLIST_FILE = YES;
				IPHONEOS_DEPLOYMENT_TARGET = 15.4;
				MARKETING_VERSION = 1.0;
				PRODUCT_BUNDLE_IDENTIFIER = com.something.GitHubUserTests;
				PRODUCT_NAME = "$(TARGET_NAME)";
				SWIFT_EMIT_LOC_STRINGS = NO;
				SWIFT_VERSION = 5.0;
				TARGETED_DEVICE_FAMILY = "1,2";
				TEST_HOST = "$(BUILT_PRODUCTS_DIR)/GitHubUser.app/GitHubUser";
			};
			name = Release;
		};
		EECB70D52830F82B002A0DCD /* Debug */ = {
			isa = XCBuildConfiguration;
			buildSettings = {
				ALWAYS_EMBED_SWIFT_STANDARD_LIBRARIES = YES;
				CODE_SIGN_STYLE = Automatic;
				CURRENT_PROJECT_VERSION = 1;
				DEVELOPMENT_TEAM = X5E66Q9HX8;
				GENERATE_INFOPLIST_FILE = YES;
				MARKETING_VERSION = 1.0;
				PRODUCT_BUNDLE_IDENTIFIER = com.something.GitHubUserUITests;
				PRODUCT_NAME = "$(TARGET_NAME)";
				SWIFT_EMIT_LOC_STRINGS = NO;
				SWIFT_VERSION = 5.0;
				TARGETED_DEVICE_FAMILY = "1,2";
				TEST_TARGET_NAME = GitHubUser;
			};
			name = Debug;
		};
		EECB70D62830F82B002A0DCD /* Release */ = {
			isa = XCBuildConfiguration;
			buildSettings = {
				ALWAYS_EMBED_SWIFT_STANDARD_LIBRARIES = YES;
				CODE_SIGN_STYLE = Automatic;
				CURRENT_PROJECT_VERSION = 1;
				DEVELOPMENT_TEAM = X5E66Q9HX8;
				GENERATE_INFOPLIST_FILE = YES;
				MARKETING_VERSION = 1.0;
				PRODUCT_BUNDLE_IDENTIFIER = com.something.GitHubUserUITests;
				PRODUCT_NAME = "$(TARGET_NAME)";
				SWIFT_EMIT_LOC_STRINGS = NO;
				SWIFT_VERSION = 5.0;
				TARGETED_DEVICE_FAMILY = "1,2";
				TEST_TARGET_NAME = GitHubUser;
			};
			name = Release;
		};
/* End XCBuildConfiguration section */

/* Begin XCConfigurationList section */
		EECB709F2830F829002A0DCD /* Build configuration list for PBXProject "GitHubUser" */ = {
			isa = XCConfigurationList;
			buildConfigurations = (
				EECB70CC2830F82B002A0DCD /* Debug */,
				EECB70CD2830F82B002A0DCD /* Release */,
			);
			defaultConfigurationIsVisible = 0;
			defaultConfigurationName = Release;
		};
		EECB70CE2830F82B002A0DCD /* Build configuration list for PBXNativeTarget "GitHubUser" */ = {
			isa = XCConfigurationList;
			buildConfigurations = (
				EECB70CF2830F82B002A0DCD /* Debug */,
				EECB70D02830F82B002A0DCD /* Release */,
			);
			defaultConfigurationIsVisible = 0;
			defaultConfigurationName = Release;
		};
		EECB70D12830F82B002A0DCD /* Build configuration list for PBXNativeTarget "GitHubUserTests" */ = {
			isa = XCConfigurationList;
			buildConfigurations = (
				EECB70D22830F82B002A0DCD /* Debug */,
				EECB70D32830F82B002A0DCD /* Release */,
			);
			defaultConfigurationIsVisible = 0;
			defaultConfigurationName = Release;
		};
		EECB70D42830F82B002A0DCD /* Build configuration list for PBXNativeTarget "GitHubUserUITests" */ = {
			isa = XCConfigurationList;
			buildConfigurations = (
				EECB70D52830F82B002A0DCD /* Debug */,
				EECB70D62830F82B002A0DCD /* Release */,
			);
			defaultConfigurationIsVisible = 0;
			defaultConfigurationName = Release;
		};
/* End XCConfigurationList section */

/* Begin XCRemoteSwiftPackageReference section */
		EE3CF9B428324160000C8A56 /* XCRemoteSwiftPackageReference "SwiftMessages" */ = {
			isa = XCRemoteSwiftPackageReference;
			repositoryURL = "https://github.com/SwiftKickMobile/SwiftMessages";
			requirement = {
				kind = upToNextMajorVersion;
				minimumVersion = 9.0.0;
			};
		};
		EE3CF9CF2832847A000C8A56 /* XCRemoteSwiftPackageReference "swift-log" */ = {
			isa = XCRemoteSwiftPackageReference;
			repositoryURL = "https://github.com/apple/swift-log.git";
			requirement = {
				kind = upToNextMajorVersion;
				minimumVersion = 1.0.0;
			};
		};
		EE864BD02833DD3F00AE6011 /* XCRemoteSwiftPackageReference "RxSwift" */ = {
			isa = XCRemoteSwiftPackageReference;
			repositoryURL = "https://github.com/ReactiveX/RxSwift.git";
			requirement = {
				branch = main;
				kind = branch;
			};
		};
		EECB70FE28317F7E002A0DCD /* XCRemoteSwiftPackageReference "Moya" */ = {
			isa = XCRemoteSwiftPackageReference;
			repositoryURL = "https://github.com/Moya/Moya.git";
			requirement = {
				branch = master;
				kind = branch;
			};
		};
		EECB710D28323400002A0DCD /* XCRemoteSwiftPackageReference "Kingfisher" */ = {
			isa = XCRemoteSwiftPackageReference;
			repositoryURL = "https://github.com/onevcat/Kingfisher.git";
			requirement = {
				kind = upToNextMajorVersion;
				minimumVersion = 7.0.0;
			};
		};
/* End XCRemoteSwiftPackageReference section */

/* Begin XCSwiftPackageProductDependency section */
		EE3CF9B528324160000C8A56 /* SwiftMessages */ = {
			isa = XCSwiftPackageProductDependency;
			package = EE3CF9B428324160000C8A56 /* XCRemoteSwiftPackageReference "SwiftMessages" */;
			productName = SwiftMessages;
		};
		EE3CF9D02832847A000C8A56 /* Logging */ = {
			isa = XCSwiftPackageProductDependency;
			package = EE3CF9CF2832847A000C8A56 /* XCRemoteSwiftPackageReference "swift-log" */;
			productName = Logging;
		};
		EE864BD12833DD3F00AE6011 /* RxBlocking */ = {
			isa = XCSwiftPackageProductDependency;
			package = EE864BD02833DD3F00AE6011 /* XCRemoteSwiftPackageReference "RxSwift" */;
			productName = RxBlocking;
		};
		EE864BD32833DD3F00AE6011 /* RxCocoa */ = {
			isa = XCSwiftPackageProductDependency;
			package = EE864BD02833DD3F00AE6011 /* XCRemoteSwiftPackageReference "RxSwift" */;
			productName = RxCocoa;
		};
		EE864BD52833DD3F00AE6011 /* RxSwift */ = {
			isa = XCSwiftPackageProductDependency;
			package = EE864BD02833DD3F00AE6011 /* XCRemoteSwiftPackageReference "RxSwift" */;
			productName = RxSwift;
		};
		EE864BD72833DD3F00AE6011 /* RxTest */ = {
			isa = XCSwiftPackageProductDependency;
			package = EE864BD02833DD3F00AE6011 /* XCRemoteSwiftPackageReference "RxSwift" */;
			productName = RxTest;
		};
		EECB70FF28317F7F002A0DCD /* Moya */ = {
			isa = XCSwiftPackageProductDependency;
			package = EECB70FE28317F7E002A0DCD /* XCRemoteSwiftPackageReference "Moya" */;
			productName = Moya;
		};
		EECB710128317F7F002A0DCD /* RxMoya */ = {
			isa = XCSwiftPackageProductDependency;
			package = EECB70FE28317F7E002A0DCD /* XCRemoteSwiftPackageReference "Moya" */;
			productName = RxMoya;
		};
		EECB710E28323400002A0DCD /* Kingfisher */ = {
			isa = XCSwiftPackageProductDependency;
			package = EECB710D28323400002A0DCD /* XCRemoteSwiftPackageReference "Kingfisher" */;
			productName = Kingfisher;
		};
/* End XCSwiftPackageProductDependency section */
	};
	rootObject = EECB709C2830F829002A0DCD /* Project object */;
}
